// !$*UTF8*$!
{
	archiveVersion = 1;
	classes = {
	};
	objectVersion = 46;
	objects = {

/* Begin PBXBuildFile section */
		64C7577A1E9344E3008FA779 /* AppDelegate.swift in Sources */ = {isa = PBXBuildFile; fileRef = 64C757791E9344E3008FA779 /* AppDelegate.swift */; };
		64C7577C1E9344E3008FA779 /* ViewController.swift in Sources */ = {isa = PBXBuildFile; fileRef = 64C7577B1E9344E3008FA779 /* ViewController.swift */; };
		64C7577E1E9344E3008FA779 /* Assets.xcassets in Resources */ = {isa = PBXBuildFile; fileRef = 64C7577D1E9344E3008FA779 /* Assets.xcassets */; };
		64C757811E9344E3008FA779 /* Main.storyboard in Resources */ = {isa = PBXBuildFile; fileRef = 64C7577F1E9344E3008FA779 /* Main.storyboard */; };
		64C7578A1E9344FD008FA779 /* Foundation.framework in Frameworks */ = {isa = PBXBuildFile; fileRef = 64C757891E9344FD008FA779 /* Foundation.framework */; };
		64C7578C1E93450A008FA779 /* Cocoa.framework in Frameworks */ = {isa = PBXBuildFile; fileRef = 64C7578B1E93450A008FA779 /* Cocoa.framework */; };
		64C7578E1E934511008FA779 /* CoreMIDI.framework in Frameworks */ = {isa = PBXBuildFile; fileRef = 64C7578D1E934511008FA779 /* CoreMIDI.framework */; };
		64C757901E935A66008FA779 /* Captura de Tela 2017-03-01 às 22.39.01.png in Resources */ = {isa = PBXBuildFile; fileRef = 64C7578F1E935A66008FA779 /* Captura de Tela 2017-03-01 às 22.39.01.png */; };
/* End PBXBuildFile section */

/* Begin PBXFileReference section */
		64C757761E9344E3008FA779 /* MidiCheck.app */ = {isa = PBXFileReference; explicitFileType = wrapper.application; includeInIndex = 0; path = MidiCheck.app; sourceTree = BUILT_PRODUCTS_DIR; };
		64C757791E9344E3008FA779 /* AppDelegate.swift */ = {isa = PBXFileReference; lastKnownFileType = sourcecode.swift; path = AppDelegate.swift; sourceTree = "<group>"; };
		64C7577B1E9344E3008FA779 /* ViewController.swift */ = {isa = PBXFileReference; lastKnownFileType = sourcecode.swift; path = ViewController.swift; sourceTree = "<group>"; };
		64C7577D1E9344E3008FA779 /* Assets.xcassets */ = {isa = PBXFileReference; lastKnownFileType = folder.assetcatalog; path = Assets.xcassets; sourceTree = "<group>"; };
		64C757801E9344E3008FA779 /* Base */ = {isa = PBXFileReference; lastKnownFileType = file.storyboard; name = Base; path = Base.lproj/Main.storyboard; sourceTree = "<group>"; };
		64C757821E9344E3008FA779 /* Info.plist */ = {isa = PBXFileReference; lastKnownFileType = text.plist.xml; path = Info.plist; sourceTree = "<group>"; };
		64C757891E9344FD008FA779 /* Foundation.framework */ = {isa = PBXFileReference; lastKnownFileType = wrapper.framework; name = Foundation.framework; path = System/Library/Frameworks/Foundation.framework; sourceTree = SDKROOT; };
		64C7578B1E93450A008FA779 /* Cocoa.framework */ = {isa = PBXFileReference; lastKnownFileType = wrapper.framework; name = Cocoa.framework; path = System/Library/Frameworks/Cocoa.framework; sourceTree = SDKROOT; };
		64C7578D1E934511008FA779 /* CoreMIDI.framework */ = {isa = PBXFileReference; lastKnownFileType = wrapper.framework; name = CoreMIDI.framework; path = System/Library/Frameworks/CoreMIDI.framework; sourceTree = SDKROOT; };
		64C7578F1E935A66008FA779 /* Captura de Tela 2017-03-01 às 22.39.01.png */ = {isa = PBXFileReference; lastKnownFileType = image.png; path = "Captura de Tela 2017-03-01 às 22.39.01.png"; sourceTree = "<group>"; };
/* End PBXFileReference section */

/* Begin PBXFrameworksBuildPhase section */
		64C757731E9344E3008FA779 /* Frameworks */ = {
			isa = PBXFrameworksBuildPhase;
			buildActionMask = 2147483647;
			files = (
				64C7578E1E934511008FA779 /* CoreMIDI.framework in Frameworks */,
				64C7578C1E93450A008FA779 /* Cocoa.framework in Frameworks */,
				64C7578A1E9344FD008FA779 /* Foundation.framework in Frameworks */,
			);
			runOnlyForDeploymentPostprocessing = 0;
		};
/* End PBXFrameworksBuildPhase section */

/* Begin PBXGroup section */
		64C7576D1E9344E3008FA779 = {
			isa = PBXGroup;
			children = (
				64C757781E9344E3008FA779 /* MidiCheck */,
				64C757771E9344E3008FA779 /* Products */,
				64C757881E9344FD008FA779 /* Frameworks */,
			);
			sourceTree = "<group>";
		};
		64C757771E9344E3008FA779 /* Products */ = {
			isa = PBXGroup;
			children = (
				64C757761E9344E3008FA779 /* MidiCheck.app */,
			);
			name = Products;
			sourceTree = "<group>";
		};
		64C757781E9344E3008FA779 /* MidiCheck */ = {
			isa = PBXGroup;
			children = (
				64C757791E9344E3008FA779 /* AppDelegate.swift */,
				64C7577B1E9344E3008FA779 /* ViewController.swift */,
				64C7577D1E9344E3008FA779 /* Assets.xcassets */,
				64C7578F1E935A66008FA779 /* Captura de Tela 2017-03-01 às 22.39.01.png */,
				64C7577F1E9344E3008FA779 /* Main.storyboard */,
				64C757821E9344E3008FA779 /* Info.plist */,
			);
			path = MidiCheck;
			sourceTree = "<group>";
		};
		64C757881E9344FD008FA779 /* Frameworks */ = {
			isa = PBXGroup;
			children = (
				64C7578D1E934511008FA779 /* CoreMIDI.framework */,
				64C7578B1E93450A008FA779 /* Cocoa.framework */,
				64C757891E9344FD008FA779 /* Foundation.framework */,
			);
			name = Frameworks;
			sourceTree = "<group>";
		};
/* End PBXGroup section */

/* Begin PBXNativeTarget section */
		64C757751E9344E3008FA779 /* MidiCheck */ = {
			isa = PBXNativeTarget;
			buildConfigurationList = 64C757851E9344E3008FA779 /* Build configuration list for PBXNativeTarget "MidiCheck" */;
			buildPhases = (
				64C757721E9344E3008FA779 /* Sources */,
				64C757731E9344E3008FA779 /* Frameworks */,
				64C757741E9344E3008FA779 /* Resources */,
			);
			buildRules = (
			);
			dependencies = (
			);
			name = MidiCheck;
			productName = MidiCheck;
			productReference = 64C757761E9344E3008FA779 /* MidiCheck.app */;
			productType = "com.apple.product-type.application";
		};
/* End PBXNativeTarget section */

/* Begin PBXProject section */
		64C7576E1E9344E3008FA779 /* Project object */ = {
			isa = PBXProject;
			attributes = {
				LastSwiftUpdateCheck = 0820;
				LastUpgradeCheck = 0820;
				ORGANIZATIONNAME = Bubble;
				TargetAttributes = {
					64C757751E9344E3008FA779 = {
						CreatedOnToolsVersion = 8.2.1;
						DevelopmentTeam = 3634U38VK5;
						ProvisioningStyle = Automatic;
					};
				};
			};
			buildConfigurationList = 64C757711E9344E3008FA779 /* Build configuration list for PBXProject "MidiCheck" */;
			compatibilityVersion = "Xcode 3.2";
			developmentRegion = English;
			hasScannedForEncodings = 0;
			knownRegions = (
				en,
				Base,
			);
			mainGroup = 64C7576D1E9344E3008FA779;
			productRefGroup = 64C757771E9344E3008FA779 /* Products */;
			projectDirPath = "";
			projectRoot = "";
			targets = (
				64C757751E9344E3008FA779 /* MidiCheck */,
			);
		};
/* End PBXProject section */

/* Begin PBXResourcesBuildPhase section */
		64C757741E9344E3008FA779 /* Resources */ = {
			isa = PBXResourcesBuildPhase;
			buildActionMask = 2147483647;
			files = (
				64C7577E1E9344E3008FA779 /* Assets.xcassets in Resources */,
				64C757811E9344E3008FA779 /* Main.storyboard in Resources */,
				64C757901E935A66008FA779 /* Captura de Tela 2017-03-01 às 22.39.01.png in Resources */,
			);
			runOnlyForDeploymentPostprocessing = 0;
		};
/* End PBXResourcesBuildPhase section */

/* Begin PBXSourcesBuildPhase section */
		64C757721E9344E3008FA779 /* Sources */ = {
			isa = PBXSourcesBuildPhase;
			buildActionMask = 2147483647;
			files = (
				64C7577C1E9344E3008FA779 /* ViewController.swift in Sources */,
				64C7577A1E9344E3008FA779 /* AppDelegate.swift in Sources */,
			);
			runOnlyForDeploymentPostprocessing = 0;
		};
/* End PBXSourcesBuildPhase section */

/* Begin PBXVariantGroup section */
		64C7577F1E9344E3008FA779 /* Main.storyboard */ = {
			isa = PBXVariantGroup;
			children = (
				64C757801E9344E3008FA779 /* Base */,
			);
			name = Main.storyboard;
			sourceTree = "<group>";
		};
/* End PBXVariantGroup section */

/* Begin XCBuildConfiguration section */
		64C757831E9344E3008FA779 /* Debug */ = {
			isa = XCBuildConfiguration;
			buildSettings = {
				ALWAYS_SEARCH_USER_PATHS = NO;
				CLANG_ANALYZER_NONNULL = YES;
				CLANG_CXX_LANGUAGE_STANDARD = "gnu++0x";
				CLANG_CXX_LIBRARY = "libc++";
				CLANG_ENABLE_MODULES = YES;
				CLANG_ENABLE_OBJC_ARC = YES;
				CLANG_WARN_BOOL_CONVERSION = YES;
				CLANG_WARN_CONSTANT_CONVERSION = YES;
				CLANG_WARN_DIRECT_OBJC_ISA_USAGE = YES_ERROR;
				CLANG_WARN_DOCUMENTATION_COMMENTS = YES;
				CLANG_WARN_EMPTY_BODY = YES;
				CLANG_WARN_ENUM_CONVERSION = YES;
				CLANG_WARN_INFINITE_RECURSION = YES;
				CLANG_WARN_INT_CONVERSION = YES;
				CLANG_WARN_OBJC_ROOT_CLASS = YES_ERROR;
				CLANG_WARN_SUSPICIOUS_MOVE = YES;
				CLANG_WARN_UNREACHABLE_CODE = YES;
				CLANG_WARN__DUPLICATE_METHOD_MATCH = YES;
				CODE_SIGN_IDENTITY = "-";
				COPY_PHASE_STRIP = NO;
				DEBUG_INFORMATION_FORMAT = dwarf;
				ENABLE_STRICT_OBJC_MSGSEND = YES;
				ENABLE_TESTABILITY = YES;
				GCC_C_LANGUAGE_STANDARD = gnu99;
				GCC_DYNAMIC_NO_PIC = NO;
				GCC_NO_COMMON_BLOCKS = YES;
				GCC_OPTIMIZATION_LEVEL = 0;
				GCC_PREPROCESSOR_DEFINITIONS = (
					"DEBUG=1",
					"$(inherited)",
				);
				GCC_WARN_64_TO_32_BIT_CONVERSION = YES;
				GCC_WARN_ABOUT_RETURN_TYPE = YES_ERROR;
				GCC_WARN_UNDECLARED_SELECTOR = YES;
				GCC_WARN_UNINITIALIZED_AUTOS = YES_AGGRESSIVE;
				GCC_WARN_UNUSED_FUNCTION = YES;
				GCC_WARN_UNUSED_VARIABLE = YES;
				MACOSX_DEPLOYMENT_TARGET = 10.11;
				MTL_ENABLE_DEBUG_INFO = YES;
				ONLY_ACTIVE_ARCH = YES;
				SDKROOT = macosx;
				SWIFT_ACTIVE_COMPILATION_CONDITIONS = DEBUG;
				SWIFT_OPTIMIZATION_LEVEL = "-Onone";
			};
			name = Debug;
		};
		64C757841E9344E3008FA779 /* Release */ = {
			isa = XCBuildConfiguration;
			buildSettings = {
				ALWAYS_SEARCH_USER_PATHS = NO;
				CLANG_ANALYZER_NONNULL = YES;
				CLANG_CXX_LANGUAGE_STANDARD = "gnu++0x";
				CLANG_CXX_LIBRARY = "libc++";
				CLANG_ENABLE_MODULES = YES;
				CLANG_ENABLE_OBJC_ARC = YES;
				CLANG_WARN_BOOL_CONVERSION = YES;
				CLANG_WARN_CONSTANT_CONVERSION = YES;
				CLANG_WARN_DIRECT_OBJC_ISA_USAGE = YES_ERROR;
				CLANG_WARN_DOCUMENTATION_COMMENTS = YES;
				CLANG_WARN_EMPTY_BODY = YES;
				CLANG_WARN_ENUM_CONVERSION = YES;
				CLANG_WARN_INFINITE_RECURSION = YES;
				CLANG_WARN_INT_CONVERSION = YES;
				CLANG_WARN_OBJC_ROOT_CLASS = YES_ERROR;
				CLANG_WARN_SUSPICIOUS_MOVE = YES;
				CLANG_WARN_UNREACHABLE_CODE = YES;
				CLANG_WARN__DUPLICATE_METHOD_MATCH = YES;
				CODE_SIGN_IDENTITY = "-";
				COPY_PHASE_STRIP = NO;
				DEBUG_INFORMATION_FORMAT = "dwarf-with-dsym";
				ENABLE_NS_ASSERTIONS = NO;
				ENABLE_STRICT_OBJC_MSGSEND = YES;
				GCC_C_LANGUAGE_STANDARD = gnu99;
				GCC_NO_COMMON_BLOCKS = YES;
				GCC_WARN_64_TO_32_BIT_CONVERSION = YES;
				GCC_WARN_ABOUT_RETURN_TYPE = YES_ERROR;
				GCC_WARN_UNDECLARED_SELECTOR = YES;
				GCC_WARN_UNINITIALIZED_AUTOS = YES_AGGRESSIVE;
				GCC_WARN_UNUSED_FUNCTION = YES;
				GCC_WARN_UNUSED_VARIABLE = YES;
				MACOSX_DEPLOYMENT_TARGET = 10.11;
				MTL_ENABLE_DEBUG_INFO = NO;
				SDKROOT = macosx;
				SWIFT_OPTIMIZATION_LEVEL = "-Owholemodule";
			};
			name = Release;
		};
		64C757861E9344E3008FA779 /* Debug */ = {
			isa = XCBuildConfiguration;
			buildSettings = {
				ASSETCATALOG_COMPILER_APPICON_NAME = AppIcon;
				CODE_SIGN_IDENTITY = "Mac Developer";
				COMBINE_HIDPI_IMAGES = YES;
				DEVELOPMENT_TEAM = 3634U38VK5;
				INFOPLIST_FILE = MidiCheck/Info.plist;
				LD_RUNPATH_SEARCH_PATHS = "$(inherited) @executable_path/../Frameworks";
				PRODUCT_BUNDLE_IDENTIFIER = com.bubble.MidiCheck;
				PRODUCT_NAME = "$(TARGET_NAME)";
				SWIFT_VERSION = 3.0;
			};
			name = Debug;
		};
		64C757871E9344E3008FA779 /* Release */ = {
			isa = XCBuildConfiguration;
			buildSettings = {
				ASSETCATALOG_COMPILER_APPICON_NAME = AppIcon;
				CODE_SIGN_IDENTITY = "Mac Developer";
				COMBINE_HIDPI_IMAGES = YES;
				DEVELOPMENT_TEAM = 3634U38VK5;
				INFOPLIST_FILE = MidiCheck/Info.plist;
				LD_RUNPATH_SEARCH_PATHS = "$(inherited) @executable_path/../Frameworks";
				PRODUCT_BUNDLE_IDENTIFIER = com.bubble.MidiCheck;
				PRODUCT_NAME = "$(TARGET_NAME)";
				SWIFT_VERSION = 3.0;
			};
			name = Release;
		};
/* End XCBuildConfiguration section */

/* Begin XCConfigurationList section */
		64C757711E9344E3008FA779 /* Build configuration list for PBXProject "MidiCheck" */ = {
			isa = XCConfigurationList;
			buildConfigurations = (
				64C757831E9344E3008FA779 /* Debug */,
				64C757841E9344E3008FA779 /* Release */,
			);
			defaultConfigurationIsVisible = 0;
			defaultConfigurationName = Release;
		};
		64C757851E9344E3008FA779 /* Build configuration list for PBXNativeTarget "MidiCheck" */ = {
			isa = XCConfigurationList;
			buildConfigurations = (
				64C757861E9344E3008FA779 /* Debug */,
				64C757871E9344E3008FA779 /* Release */,
			);
			defaultConfigurationIsVisible = 0;
		};
/* End XCConfigurationList section */
	};
	rootObject = 64C7576E1E9344E3008FA779 /* Project object */;
}
